
Microsoft Visual Studio Solution File, Format Version 12.00
# Visual Studio Version 17
VisualStudioVersion = 17.4.33213.308
MinimumVisualStudioVersion = 10.0.40219.1
Project("{FAE04EC0-301F-11D3-BF4B-00C04F79EFBC}") = "Restaurants.API", "Restaurants.API\Restaurants.API.csproj", "{A47E5FB1-99C7-486D-B135-AB1362F45ADA}"
EndProject
Project("{FAE04EC0-301F-11D3-BF4B-00C04F79EFBC}") = "Restaurants.Domain", "Restaurants.Domain\Restaurants.Domain.csproj", "{D99968E5-8791-4463-A6BE-0A9BBF876C43}"
EndProject
Project("{FAE04EC0-301F-11D3-BF4B-00C04F79EFBC}") = "Restaurants.Application", "Restaurants.Application\Restaurants.Application.csproj", "{46E47A9C-CAEC-4476-8318-752E913137EE}"
EndProject
Project("{FAE04EC0-301F-11D3-BF4B-00C04F79EFBC}") = "Restaurants.Infrastructure", "Restaurants.Infrastructure\Restaurants.Infrastructure.csproj", "{1E74B64C-3517-403E-84C4-5C964F35588B}"
EndProject
Global
	GlobalSection(SolutionConfigurationPlatforms) = preSolution
		Debug|Any CPU = Debug|Any CPU
		Release|Any CPU = Release|Any CPU
	EndGlobalSection
	GlobalSection(ProjectConfigurationPlatforms) = postSolution
		{A47E5FB1-99C7-486D-B135-AB1362F45ADA}.Debug|Any CPU.ActiveCfg = Debug|Any CPU
		{A47E5FB1-99C7-486D-B135-AB1362F45ADA}.Debug|Any CPU.Build.0 = Debug|Any CPU
		{A47E5FB1-99C7-486D-B135-AB1362F45ADA}.Release|Any CPU.ActiveCfg = Release|Any CPU
		{A47E5FB1-99C7-486D-B135-AB1362F45ADA}.Release|Any CPU.Build.0 = Release|Any CPU
		{D99968E5-8791-4463-A6BE-0A9BBF876C43}.Debug|Any CPU.ActiveCfg = Debug|Any CPU
		{D99968E5-8791-4463-A6BE-0A9BBF876C43}.Debug|Any CPU.Build.0 = Debug|Any CPU
		{D99968E5-8791-4463-A6BE-0A9BBF876C43}.Release|Any CPU.ActiveCfg = Release|Any CPU
		{D99968E5-8791-4463-A6BE-0A9BBF876C43}.Release|Any CPU.Build.0 = Release|Any CPU
		{46E47A9C-CAEC-4476-8318-752E913137EE}.Debug|Any CPU.ActiveCfg = Debug|Any CPU
		{46E47A9C-CAEC-4476-8318-752E913137EE}.Debug|Any CPU.Build.0 = Debug|Any CPU
		{46E47A9C-CAEC-4476-8318-752E913137EE}.Release|Any CPU.ActiveCfg = Release|Any CPU
		{46E47A9C-CAEC-4476-8318-752E913137EE}.Release|Any CPU.Build.0 = Release|Any CPU
		{1E74B64C-3517-403E-84C4-5C964F35588B}.Debug|Any CPU.ActiveCfg = Debug|Any CPU
		{1E74B64C-3517-403E-84C4-5C964F35588B}.Debug|Any CPU.Build.0 = Debug|Any CPU
		{1E74B64C-3517-403E-84C4-5C964F35588B}.Release|Any CPU.ActiveCfg = Release|Any CPU
		{1E74B64C-3517-403E-84C4-5C964F35588B}.Release|Any CPU.Build.0 = Release|Any CPU
	EndGlobalSection
	GlobalSection(SolutionProperties) = preSolution
		HideSolutionNode = FALSE
	EndGlobalSection
	GlobalSection(ExtensibilityGlobals) = postSolution
		SolutionGuid = {C95625D3-CDE6-49F3-9942-C2C48C564A55}
	EndGlobalSection
EndGlobal
